// !$*UTF8*$!
{
	archiveVersion = 1;
	classes = {
	};
	objectVersion = 50;
	objects = {

/* Begin PBXBuildFile section */
		0019FF9E2343C0DD00C80499 /* AppDelegate.swift in Sources */ = {isa = PBXBuildFile; fileRef = 0019FF9D2343C0DD00C80499 /* AppDelegate.swift */; };
		0019FFA02343C0DD00C80499 /* SceneDelegate.swift in Sources */ = {isa = PBXBuildFile; fileRef = 0019FF9F2343C0DD00C80499 /* SceneDelegate.swift */; };
		0019FFA32343C0DD00C80499 /* tgpedia.xcdatamodeld in Sources */ = {isa = PBXBuildFile; fileRef = 0019FFA12343C0DD00C80499 /* tgpedia.xcdatamodeld */; };
		0019FFA52343C0DD00C80499 /* ContentView.swift in Sources */ = {isa = PBXBuildFile; fileRef = 0019FFA42343C0DD00C80499 /* ContentView.swift */; };
		0019FFA72343C0DE00C80499 /* Assets.xcassets in Resources */ = {isa = PBXBuildFile; fileRef = 0019FFA62343C0DE00C80499 /* Assets.xcassets */; };
		0019FFAA2343C0DE00C80499 /* Preview Assets.xcassets in Resources */ = {isa = PBXBuildFile; fileRef = 0019FFA92343C0DE00C80499 /* Preview Assets.xcassets */; };
		0019FFAD2343C0DE00C80499 /* LaunchScreen.storyboard in Resources */ = {isa = PBXBuildFile; fileRef = 0019FFAB2343C0DE00C80499 /* LaunchScreen.storyboard */; };
		51724F7C783461CEF2DB6105 /* Pods_tgpedia.framework in Frameworks */ = {isa = PBXBuildFile; fileRef = 19E93D77E8D2DC24F8241D1A /* Pods_tgpedia.framework */; };
/* End PBXBuildFile section */

/* Begin PBXFileReference section */
		0019FF9A2343C0DD00C80499 /* tgpedia.app */ = {isa = PBXFileReference; explicitFileType = wrapper.application; includeInIndex = 0; path = tgpedia.app; sourceTree = BUILT_PRODUCTS_DIR; };
		0019FF9D2343C0DD00C80499 /* AppDelegate.swift */ = {isa = PBXFileReference; lastKnownFileType = sourcecode.swift; path = AppDelegate.swift; sourceTree = "<group>"; };
		0019FF9F2343C0DD00C80499 /* SceneDelegate.swift */ = {isa = PBXFileReference; lastKnownFileType = sourcecode.swift; path = SceneDelegate.swift; sourceTree = "<group>"; };
		0019FFA22343C0DD00C80499 /* tgpedia.xcdatamodel */ = {isa = PBXFileReference; lastKnownFileType = wrapper.xcdatamodel; path = tgpedia.xcdatamodel; sourceTree = "<group>"; };
		0019FFA42343C0DD00C80499 /* ContentView.swift */ = {isa = PBXFileReference; lastKnownFileType = sourcecode.swift; path = ContentView.swift; sourceTree = "<group>"; };
		0019FFA62343C0DE00C80499 /* Assets.xcassets */ = {isa = PBXFileReference; lastKnownFileType = folder.assetcatalog; path = Assets.xcassets; sourceTree = "<group>"; };
		0019FFA92343C0DE00C80499 /* Preview Assets.xcassets */ = {isa = PBXFileReference; lastKnownFileType = folder.assetcatalog; path = "Preview Assets.xcassets"; sourceTree = "<group>"; };
		0019FFAC2343C0DE00C80499 /* Base */ = {isa = PBXFileReference; lastKnownFileType = file.storyboard; name = Base; path = Base.lproj/LaunchScreen.storyboard; sourceTree = "<group>"; };
		0019FFAE2343C0DE00C80499 /* Info.plist */ = {isa = PBXFileReference; lastKnownFileType = text.plist.xml; path = Info.plist; sourceTree = "<group>"; };
		16E6A87D70A18EE25017EFBD /* Pods-tgpedia.release.xcconfig */ = {isa = PBXFileReference; includeInIndex = 1; lastKnownFileType = text.xcconfig; name = "Pods-tgpedia.release.xcconfig"; path = "Target Support Files/Pods-tgpedia/Pods-tgpedia.release.xcconfig"; sourceTree = "<group>"; };
		19E93D77E8D2DC24F8241D1A /* Pods_tgpedia.framework */ = {isa = PBXFileReference; explicitFileType = wrapper.framework; includeInIndex = 0; path = Pods_tgpedia.framework; sourceTree = BUILT_PRODUCTS_DIR; };
		80E66BC9BD3849057820F186 /* Pods-tgpedia.debug.xcconfig */ = {isa = PBXFileReference; includeInIndex = 1; lastKnownFileType = text.xcconfig; name = "Pods-tgpedia.debug.xcconfig"; path = "Target Support Files/Pods-tgpedia/Pods-tgpedia.debug.xcconfig"; sourceTree = "<group>"; };
/* End PBXFileReference section */

/* Begin PBXFrameworksBuildPhase section */
		0019FF972343C0DD00C80499 /* Frameworks */ = {
			isa = PBXFrameworksBuildPhase;
			buildActionMask = 2147483647;
			files = (
				51724F7C783461CEF2DB6105 /* Pods_tgpedia.framework in Frameworks */,
			);
			runOnlyForDeploymentPostprocessing = 0;
		};
/* End PBXFrameworksBuildPhase section */

/* Begin PBXGroup section */
		0019FF912343C0DD00C80499 = {
			isa = PBXGroup;
			children = (
				0019FF9C2343C0DD00C80499 /* tgpedia */,
				0019FF9B2343C0DD00C80499 /* Products */,
				F2199DE68A692B1E4799B13A /* Pods */,
				280E2358F2A043BB405166E4 /* Frameworks */,
			);
			sourceTree = "<group>";
		};
		0019FF9B2343C0DD00C80499 /* Products */ = {
			isa = PBXGroup;
			children = (
				0019FF9A2343C0DD00C80499 /* tgpedia.app */,
			);
			name = Products;
			sourceTree = "<group>";
		};
		0019FF9C2343C0DD00C80499 /* tgpedia */ = {
			isa = PBXGroup;
			children = (
				0019FF9D2343C0DD00C80499 /* AppDelegate.swift */,
				0019FF9F2343C0DD00C80499 /* SceneDelegate.swift */,
				0019FFA42343C0DD00C80499 /* ContentView.swift */,
				0019FFA62343C0DE00C80499 /* Assets.xcassets */,
				0019FFAB2343C0DE00C80499 /* LaunchScreen.storyboard */,
				0019FFAE2343C0DE00C80499 /* Info.plist */,
				0019FFA12343C0DD00C80499 /* tgpedia.xcdatamodeld */,
				0019FFA82343C0DE00C80499 /* Preview Content */,
			);
			path = tgpedia;
			sourceTree = "<group>";
		};
		0019FFA82343C0DE00C80499 /* Preview Content */ = {
			isa = PBXGroup;
			children = (
				0019FFA92343C0DE00C80499 /* Preview Assets.xcassets */,
			);
			path = "Preview Content";
			sourceTree = "<group>";
		};
		280E2358F2A043BB405166E4 /* Frameworks */ = {
			isa = PBXGroup;
			children = (
				19E93D77E8D2DC24F8241D1A /* Pods_tgpedia.framework */,
			);
			name = Frameworks;
			sourceTree = "<group>";
		};
		F2199DE68A692B1E4799B13A /* Pods */ = {
			isa = PBXGroup;
			children = (
				80E66BC9BD3849057820F186 /* Pods-tgpedia.debug.xcconfig */,
				16E6A87D70A18EE25017EFBD /* Pods-tgpedia.release.xcconfig */,
			);
			name = Pods;
			path = Pods;
			sourceTree = "<group>";
		};
/* End PBXGroup section */

/* Begin PBXNativeTarget section */
		0019FF992343C0DD00C80499 /* tgpedia */ = {
			isa = PBXNativeTarget;
			buildConfigurationList = 0019FFB12343C0DE00C80499 /* Build configuration list for PBXNativeTarget "tgpedia" */;
			buildPhases = (
				C7DA2B786B4621058BCDF70E /* [CP] Check Pods Manifest.lock */,
				0019FF962343C0DD00C80499 /* Sources */,
				0019FF972343C0DD00C80499 /* Frameworks */,
				0019FF982343C0DD00C80499 /* Resources */,
				4CC92310FD86AA6245022154 /* [CP] Embed Pods Frameworks */,
			);
			buildRules = (
			);
			dependencies = (
			);
			name = tgpedia;
			productName = tgpedia;
			productReference = 0019FF9A2343C0DD00C80499 /* tgpedia.app */;
			productType = "com.apple.product-type.application";
		};
/* End PBXNativeTarget section */

/* Begin PBXProject section */
		0019FF922343C0DD00C80499 /* Project object */ = {
			isa = PBXProject;
			attributes = {
				LastSwiftUpdateCheck = 1100;
				LastUpgradeCheck = 1100;
				ORGANIZATIONNAME = "ryota itoh";
				TargetAttributes = {
					0019FF992343C0DD00C80499 = {
						CreatedOnToolsVersion = 11.0;
					};
				};
			};
			buildConfigurationList = 0019FF952343C0DD00C80499 /* Build configuration list for PBXProject "tgpedia" */;
			compatibilityVersion = "Xcode 9.3";
			developmentRegion = en;
			hasScannedForEncodings = 0;
			knownRegions = (
				en,
				Base,
			);
			mainGroup = 0019FF912343C0DD00C80499;
			productRefGroup = 0019FF9B2343C0DD00C80499 /* Products */;
			projectDirPath = "";
			projectRoot = "";
			targets = (
				0019FF992343C0DD00C80499 /* tgpedia */,
			);
		};
/* End PBXProject section */

/* Begin PBXResourcesBuildPhase section */
		0019FF982343C0DD00C80499 /* Resources */ = {
			isa = PBXResourcesBuildPhase;
			buildActionMask = 2147483647;
			files = (
				0019FFAD2343C0DE00C80499 /* LaunchScreen.storyboard in Resources */,
				0019FFAA2343C0DE00C80499 /* Preview Assets.xcassets in Resources */,
				0019FFA72343C0DE00C80499 /* Assets.xcassets in Resources */,
			);
			runOnlyForDeploymentPostprocessing = 0;
		};
/* End PBXResourcesBuildPhase section */

/* Begin PBXShellScriptBuildPhase section */
		4CC92310FD86AA6245022154 /* [CP] Embed Pods Frameworks */ = {
			isa = PBXShellScriptBuildPhase;
			buildActionMask = 2147483647;
			files = (
			);
			inputFileListPaths = (
				"${PODS_ROOT}/Target Support Files/Pods-tgpedia/Pods-tgpedia-frameworks-${CONFIGURATION}-input-files.xcfilelist",
			);
			name = "[CP] Embed Pods Frameworks";
			outputFileListPaths = (
				"${PODS_ROOT}/Target Support Files/Pods-tgpedia/Pods-tgpedia-frameworks-${CONFIGURATION}-output-files.xcfilelist",
			);
			runOnlyForDeploymentPostprocessing = 0;
			shellPath = /bin/sh;
			shellScript = "\"${PODS_ROOT}/Target Support Files/Pods-tgpedia/Pods-tgpedia-frameworks.sh\"\n";
			showEnvVarsInLog = 0;
		};
		C7DA2B786B4621058BCDF70E /* [CP] Check Pods Manifest.lock */ = {
			isa = PBXShellScriptBuildPhase;
			buildActionMask = 2147483647;
			files = (
			);
			inputFileListPaths = (
			);
			inputPaths = (
				"${PODS_PODFILE_DIR_PATH}/Podfile.lock",
				"${PODS_ROOT}/Manifest.lock",
			);
			name = "[CP] Check Pods Manifest.lock";
			outputFileListPaths = (
			);
			outputPaths = (
				"$(DERIVED_FILE_DIR)/Pods-tgpedia-checkManifestLockResult.txt",
			);
			runOnlyForDeploymentPostprocessing = 0;
			shellPath = /bin/sh;
			shellScript = "diff \"${PODS_PODFILE_DIR_PATH}/Podfile.lock\" \"${PODS_ROOT}/Manifest.lock\" > /dev/null\nif [ $? != 0 ] ; then\n    # print error to STDERR\n    echo \"error: The sandbox is not in sync with the Podfile.lock. Run 'pod install' or update your CocoaPods installation.\" >&2\n    exit 1\nfi\n# This output is used by Xcode 'outputs' to avoid re-running this script phase.\necho \"SUCCESS\" > \"${SCRIPT_OUTPUT_FILE_0}\"\n";
			showEnvVarsInLog = 0;
		};
/* End PBXShellScriptBuildPhase section */

/* Begin PBXSourcesBuildPhase section */
		0019FF962343C0DD00C80499 /* Sources */ = {
			isa = PBXSourcesBuildPhase;
			buildActionMask = 2147483647;
			files = (
				0019FF9E2343C0DD00C80499 /* AppDelegate.swift in Sources */,
				0019FFA02343C0DD00C80499 /* SceneDelegate.swift in Sources */,
				0019FFA52343C0DD00C80499 /* ContentView.swift in Sources */,
				0019FFA32343C0DD00C80499 /* tgpedia.xcdatamodeld in Sources */,
			);
			runOnlyForDeploymentPostprocessing = 0;
		};
/* End PBXSourcesBuildPhase section */

/* Begin PBXVariantGroup section */
		0019FFAB2343C0DE00C80499 /* LaunchScreen.storyboard */ = {
			isa = PBXVariantGroup;
			children = (
				0019FFAC2343C0DE00C80499 /* Base */,
			);
			name = LaunchScreen.storyboard;
			sourceTree = "<group>";
		};
/* End PBXVariantGroup section */

/* Begin XCBuildConfiguration section */
		0019FFAF2343C0DE00C80499 /* Debug */ = {
			isa = XCBuildConfiguration;
			buildSettings = {
				ALWAYS_SEARCH_USER_PATHS = NO;
				CLANG_ANALYZER_NONNULL = YES;
				CLANG_ANALYZER_NUMBER_OBJECT_CONVERSION = YES_AGGRESSIVE;
				CLANG_CXX_LANGUAGE_STANDARD = "gnu++14";
				CLANG_CXX_LIBRARY = "libc++";
				CLANG_ENABLE_MODULES = YES;
				CLANG_ENABLE_OBJC_ARC = YES;
				CLANG_ENABLE_OBJC_WEAK = YES;
				CLANG_WARN_BLOCK_CAPTURE_AUTORELEASING = YES;
				CLANG_WARN_BOOL_CONVERSION = YES;
				CLANG_WARN_COMMA = YES;
				CLANG_WARN_CONSTANT_CONVERSION = YES;
				CLANG_WARN_DEPRECATED_OBJC_IMPLEMENTATIONS = YES;
				CLANG_WARN_DIRECT_OBJC_ISA_USAGE = YES_ERROR;
				CLANG_WARN_DOCUMENTATION_COMMENTS = YES;
				CLANG_WARN_EMPTY_BODY = YES;
				CLANG_WARN_ENUM_CONVERSION = YES;
				CLANG_WARN_INFINITE_RECURSION = YES;
				CLANG_WARN_INT_CONVERSION = YES;
				CLANG_WARN_NON_LITERAL_NULL_CONVERSION = YES;
				CLANG_WARN_OBJC_IMPLICIT_RETAIN_SELF = YES;
				CLANG_WARN_OBJC_LITERAL_CONVERSION = YES;
				CLANG_WARN_OBJC_ROOT_CLASS = YES_ERROR;
				CLANG_WARN_RANGE_LOOP_ANALYSIS = YES;
				CLANG_WARN_STRICT_PROTOTYPES = YES;
				CLANG_WARN_SUSPICIOUS_MOVE = YES;
				CLANG_WARN_UNGUARDED_AVAILABILITY = YES_AGGRESSIVE;
				CLANG_WARN_UNREACHABLE_CODE = YES;
				CLANG_WARN__DUPLICATE_METHOD_MATCH = YES;
				COPY_PHASE_STRIP = NO;
				DEBUG_INFORMATION_FORMAT = dwarf;
				ENABLE_STRICT_OBJC_MSGSEND = YES;
				ENABLE_TESTABILITY = YES;
				GCC_C_LANGUAGE_STANDARD = gnu11;
				GCC_DYNAMIC_NO_PIC = NO;
				GCC_NO_COMMON_BLOCKS = YES;
				GCC_OPTIMIZATION_LEVEL = 0;
				GCC_PREPROCESSOR_DEFINITIONS = (
					"DEBUG=1",
					"$(inherited)",
				);
				GCC_WARN_64_TO_32_BIT_CONVERSION = YES;
				GCC_WARN_ABOUT_RETURN_TYPE = YES_ERROR;
				GCC_WARN_UNDECLARED_SELECTOR = YES;
				GCC_WARN_UNINITIALIZED_AUTOS = YES_AGGRESSIVE;
				GCC_WARN_UNUSED_FUNCTION = YES;
				GCC_WARN_UNUSED_VARIABLE = YES;
				IPHONEOS_DEPLOYMENT_TARGET = 13.0;
				MTL_ENABLE_DEBUG_INFO = INCLUDE_SOURCE;
				MTL_FAST_MATH = YES;
				ONLY_ACTIVE_ARCH = YES;
				SDKROOT = iphoneos;
				SWIFT_ACTIVE_COMPILATION_CONDITIONS = DEBUG;
				SWIFT_OPTIMIZATION_LEVEL = "-Onone";
			};
			name = Debug;
		};
		0019FFB02343C0DE00C80499 /* Release */ = {
			isa = XCBuildConfiguration;
			buildSettings = {
				ALWAYS_SEARCH_USER_PATHS = NO;
				CLANG_ANALYZER_NONNULL = YES;
				CLANG_ANALYZER_NUMBER_OBJECT_CONVERSION = YES_AGGRESSIVE;
				CLANG_CXX_LANGUAGE_STANDARD = "gnu++14";
				CLANG_CXX_LIBRARY = "libc++";
				CLANG_ENABLE_MODULES = YES;
				CLANG_ENABLE_OBJC_ARC = YES;
				CLANG_ENABLE_OBJC_WEAK = YES;
				CLANG_WARN_BLOCK_CAPTURE_AUTORELEASING = YES;
				CLANG_WARN_BOOL_CONVERSION = YES;
				CLANG_WARN_COMMA = YES;
				CLANG_WARN_CONSTANT_CONVERSION = YES;
				CLANG_WARN_DEPRECATED_OBJC_IMPLEMENTATIONS = YES;
				CLANG_WARN_DIRECT_OBJC_ISA_USAGE = YES_ERROR;
				CLANG_WARN_DOCUMENTATION_COMMENTS = YES;
				CLANG_WARN_EMPTY_BODY = YES;
				CLANG_WARN_ENUM_CONVERSION = YES;
				CLANG_WARN_INFINITE_RECURSION = YES;
				CLANG_WARN_INT_CONVERSION = YES;
				CLANG_WARN_NON_LITERAL_NULL_CONVERSION = YES;
				CLANG_WARN_OBJC_IMPLICIT_RETAIN_SELF = YES;
				CLANG_WARN_OBJC_LITERAL_CONVERSION = YES;
				CLANG_WARN_OBJC_ROOT_CLASS = YES_ERROR;
				CLANG_WARN_RANGE_LOOP_ANALYSIS = YES;
				CLANG_WARN_STRICT_PROTOTYPES = YES;
				CLANG_WARN_SUSPICIOUS_MOVE = YES;
				CLANG_WARN_UNGUARDED_AVAILABILITY = YES_AGGRESSIVE;
				CLANG_WARN_UNREACHABLE_CODE = YES;
				CLANG_WARN__DUPLICATE_METHOD_MATCH = YES;
				COPY_PHASE_STRIP = NO;
				DEBUG_INFORMATION_FORMAT = "dwarf-with-dsym";
				ENABLE_NS_ASSERTIONS = NO;
				ENABLE_STRICT_OBJC_MSGSEND = YES;
				GCC_C_LANGUAGE_STANDARD = gnu11;
				GCC_NO_COMMON_BLOCKS = YES;
				GCC_WARN_64_TO_32_BIT_CONVERSION = YES;
				GCC_WARN_ABOUT_RETURN_TYPE = YES_ERROR;
				GCC_WARN_UNDECLARED_SELECTOR = YES;
				GCC_WARN_UNINITIALIZED_AUTOS = YES_AGGRESSIVE;
				GCC_WARN_UNUSED_FUNCTION = YES;
				GCC_WARN_UNUSED_VARIABLE = YES;
				IPHONEOS_DEPLOYMENT_TARGET = 13.0;
				MTL_ENABLE_DEBUG_INFO = NO;
				MTL_FAST_MATH = YES;
				SDKROOT = iphoneos;
				SWIFT_COMPILATION_MODE = wholemodule;
				SWIFT_OPTIMIZATION_LEVEL = "-O";
				VALIDATE_PRODUCT = YES;
			};
			name = Release;
		};
		0019FFB22343C0DE00C80499 /* Debug */ = {
			isa = XCBuildConfiguration;
			baseConfigurationReference = 80E66BC9BD3849057820F186 /* Pods-tgpedia.debug.xcconfig */;
			buildSettings = {
				ASSETCATALOG_COMPILER_APPICON_NAME = AppIcon;
				CODE_SIGN_STYLE = Automatic;
				DEVELOPMENT_ASSET_PATHS = "\"tgpedia/Preview Content\"";
				DEVELOPMENT_TEAM = 74H29X9S7B;
				ENABLE_PREVIEWS = YES;
				INFOPLIST_FILE = tgpedia/Info.plist;
				LD_RUNPATH_SEARCH_PATHS = (
					"$(inherited)",
					"@executable_path/Frameworks",
				);
				PRODUCT_BUNDLE_IDENTIFIER = com.dev.iphone.tgpedia;
				PRODUCT_NAME = "$(TARGET_NAME)";
				SWIFT_VERSION = 5.0;
				TARGETED_DEVICE_FAMILY = "1,2";
			};
			name = Debug;
		};
		0019FFB32343C0DE00C80499 /* Release */ = {
			isa = XCBuildConfiguration;
			baseConfigurationReference = 16E6A87D70A18EE25017EFBD /* Pods-tgpedia.release.xcconfig */;
			buildSettings = {
				ASSETCATALOG_COMPILER_APPICON_NAME = AppIcon;
				CODE_SIGN_STYLE = Automatic;
				DEVELOPMENT_ASSET_PATHS = "\"tgpedia/Preview Content\"";
				DEVELOPMENT_TEAM = 74H29X9S7B;
				ENABLE_PREVIEWS = YES;
				INFOPLIST_FILE = tgpedia/Info.plist;
				LD_RUNPATH_SEARCH_PATHS = (
					"$(inherited)",
					"@executable_path/Frameworks",
				);
				PRODUCT_BUNDLE_IDENTIFIER = com.dev.iphone.tgpedia;
				PRODUCT_NAME = "$(TARGET_NAME)";
				SWIFT_VERSION = 5.0;
				TARGETED_DEVICE_FAMILY = "1,2";
			};
			name = Release;
		};
/* End XCBuildConfiguration section */

/* Begin XCConfigurationList section */
		0019FF952343C0DD00C80499 /* Build configuration list for PBXProject "tgpedia" */ = {
			isa = XCConfigurationList;
			buildConfigurations = (
				0019FFAF2343C0DE00C80499 /* Debug */,
				0019FFB02343C0DE00C80499 /* Release */,
			);
			defaultConfigurationIsVisible = 0;
			defaultConfigurationName = Release;
		};
		0019FFB12343C0DE00C80499 /* Build configuration list for PBXNativeTarget "tgpedia" */ = {
			isa = XCConfigurationList;
			buildConfigurations = (
				0019FFB22343C0DE00C80499 /* Debug */,
				0019FFB32343C0DE00C80499 /* Release */,
			);
			defaultConfigurationIsVisible = 0;
			defaultConfigurationName = Release;
		};
/* End XCConfigurationList section */

/* Begin XCVersionGroup section */
		0019FFA12343C0DD00C80499 /* tgpedia.xcdatamodeld */ = {
			isa = XCVersionGroup;
			children = (
				0019FFA22343C0DD00C80499 /* tgpedia.xcdatamodel */,
			);
			currentVersion = 0019FFA22343C0DD00C80499 /* tgpedia.xcdatamodel */;
			path = tgpedia.xcdatamodeld;
			sourceTree = "<group>";
			versionGroupType = wrapper.xcdatamodel;
		};
/* End XCVersionGroup section */
	};
	rootObject = 0019FF922343C0DD00C80499 /* Project object */;
}
